// !$*UTF8*$!
{
	archiveVersion = 1;
	classes = {
	};
	objectVersion = 46;
	objects = {

/* Begin PBXBuildFile section */
		AE06B7241D5E6F7B0028C201 /* main.m in Sources */ = {isa = PBXBuildFile; fileRef = AE06B7231D5E6F7B0028C201 /* main.m */; };
		AE06B7271D5E6F7B0028C201 /* AppDelegate.m in Sources */ = {isa = PBXBuildFile; fileRef = AE06B7261D5E6F7B0028C201 /* AppDelegate.m */; };
		AE06B72A1D5E6F7B0028C201 /* ViewController.m in Sources */ = {isa = PBXBuildFile; fileRef = AE06B7291D5E6F7B0028C201 /* ViewController.m */; };
		AE06B72D1D5E6F7B0028C201 /* Main.storyboard in Resources */ = {isa = PBXBuildFile; fileRef = AE06B72B1D5E6F7B0028C201 /* Main.storyboard */; };
		AE06B72F1D5E6F7B0028C201 /* Assets.xcassets in Resources */ = {isa = PBXBuildFile; fileRef = AE06B72E1D5E6F7B0028C201 /* Assets.xcassets */; };
		AE06B7321D5E6F7B0028C201 /* LaunchScreen.storyboard in Resources */ = {isa = PBXBuildFile; fileRef = AE06B7301D5E6F7B0028C201 /* LaunchScreen.storyboard */; };
/* End PBXBuildFile section */

/* Begin PBXFileReference section */
		AE06B71F1D5E6F7B0028C201 /* SceneKitParticleCollectionExample.app */ = {isa = PBXFileReference; explicitFileType = wrapper.application; includeInIndex = 0; path = SceneKitParticleCollectionExample.app; sourceTree = BUILT_PRODUCTS_DIR; };
		AE06B7231D5E6F7B0028C201 /* main.m */ = {isa = PBXFileReference; lastKnownFileType = sourcecode.c.objc; path = main.m; sourceTree = "<group>"; };
		AE06B7251D5E6F7B0028C201 /* AppDelegate.h */ = {isa = PBXFileReference; lastKnownFileType = sourcecode.c.h; path = AppDelegate.h; sourceTree = "<group>"; };
		AE06B7261D5E6F7B0028C201 /* AppDelegate.m */ = {isa = PBXFileReference; lastKnownFileType = sourcecode.c.objc; path = AppDelegate.m; sourceTree = "<group>"; };
		AE06B7281D5E6F7B0028C201 /* ViewController.h */ = {isa = PBXFileReference; lastKnownFileType = sourcecode.c.h; path = ViewController.h; sourceTree = "<group>"; };
		AE06B7291D5E6F7B0028C201 /* ViewController.m */ = {isa = PBXFileReference; lastKnownFileType = sourcecode.c.objc; path = ViewController.m; sourceTree = "<group>"; };
		AE06B72C1D5E6F7B0028C201 /* Base */ = {isa = PBXFileReference; lastKnownFileType = file.storyboard; name = Base; path = Base.lproj/Main.storyboard; sourceTree = "<group>"; };
		AE06B72E1D5E6F7B0028C201 /* Assets.xcassets */ = {isa = PBXFileReference; lastKnownFileType = folder.assetcatalog; path = Assets.xcassets; sourceTree = "<group>"; };
		AE06B7311D5E6F7B0028C201 /* Base */ = {isa = PBXFileReference; lastKnownFileType = file.storyboard; name = Base; path = Base.lproj/LaunchScreen.storyboard; sourceTree = "<group>"; };
		AE06B7331D5E6F7B0028C201 /* Info.plist */ = {isa = PBXFileReference; lastKnownFileType = text.plist.xml; path = Info.plist; sourceTree = "<group>"; };
/* End PBXFileReference section */

/* Begin PBXFrameworksBuildPhase section */
		AE06B71C1D5E6F7B0028C201 /* Frameworks */ = {
			isa = PBXFrameworksBuildPhase;
			buildActionMask = 2147483647;
			files = (
			);
			runOnlyForDeploymentPostprocessing = 0;
		};
/* End PBXFrameworksBuildPhase section */

/* Begin PBXGroup section */
		AE06B7161D5E6F7B0028C201 = {
			isa = PBXGroup;
			children = (
				AE06B7211D5E6F7B0028C201 /* SceneKitParticleCollectionExample */,
				AE06B7201D5E6F7B0028C201 /* Products */,
			);
			sourceTree = "<group>";
		};
		AE06B7201D5E6F7B0028C201 /* Products */ = {
			isa = PBXGroup;
			children = (
				AE06B71F1D5E6F7B0028C201 /* SceneKitParticleCollectionExample.app */,
			);
			name = Products;
			sourceTree = "<group>";
		};
		AE06B7211D5E6F7B0028C201 /* SceneKitParticleCollectionExample */ = {
			isa = PBXGroup;
			children = (
				AE06B7251D5E6F7B0028C201 /* AppDelegate.h */,
				AE06B7261D5E6F7B0028C201 /* AppDelegate.m */,
				AE06B7281D5E6F7B0028C201 /* ViewController.h */,
				AE06B7291D5E6F7B0028C201 /* ViewController.m */,
				AE06B72B1D5E6F7B0028C201 /* Main.storyboard */,
				AE06B72E1D5E6F7B0028C201 /* Assets.xcassets */,
				AE06B7301D5E6F7B0028C201 /* LaunchScreen.storyboard */,
				AE06B7331D5E6F7B0028C201 /* Info.plist */,
				AE06B7221D5E6F7B0028C201 /* Supporting Files */,
			);
			path = SceneKitParticleCollectionExample;
			sourceTree = "<group>";
		};
		AE06B7221D5E6F7B0028C201 /* Supporting Files */ = {
			isa = PBXGroup;
			children = (
				AE06B7231D5E6F7B0028C201 /* main.m */,
			);
			name = "Supporting Files";
			sourceTree = "<group>";
		};
/* End PBXGroup section */

/* Begin PBXNativeTarget section */
		AE06B71E1D5E6F7B0028C201 /* SceneKitParticleCollectionExample */ = {
			isa = PBXNativeTarget;
			buildConfigurationList = AE06B7361D5E6F7B0028C201 /* Build configuration list for PBXNativeTarget "SceneKitParticleCollectionExample" */;
			buildPhases = (
				AE06B71B1D5E6F7B0028C201 /* Sources */,
				AE06B71C1D5E6F7B0028C201 /* Frameworks */,
				AE06B71D1D5E6F7B0028C201 /* Resources */,
			);
			buildRules = (
			);
			dependencies = (
			);
			name = SceneKitParticleCollectionExample;
			productName = SceneKitParticleCollectionExample;
			productReference = AE06B71F1D5E6F7B0028C201 /* SceneKitParticleCollectionExample.app */;
			productType = "com.apple.product-type.application";
		};
/* End PBXNativeTarget section */

/* Begin PBXProject section */
		AE06B7171D5E6F7B0028C201 /* Project object */ = {
			isa = PBXProject;
			attributes = {
				LastUpgradeCheck = 0730;
				ORGANIZATIONNAME = "Luke Parham";
				TargetAttributes = {
					AE06B71E1D5E6F7B0028C201 = {
						CreatedOnToolsVersion = 7.3.1;
					};
				};
			};
			buildConfigurationList = AE06B71A1D5E6F7B0028C201 /* Build configuration list for PBXProject "SceneKitParticleCollectionExample" */;
			compatibilityVersion = "Xcode 3.2";
			developmentRegion = English;
			hasScannedForEncodings = 0;
			knownRegions = (
				en,
				Base,
			);
			mainGroup = AE06B7161D5E6F7B0028C201;
			productRefGroup = AE06B7201D5E6F7B0028C201 /* Products */;
			projectDirPath = "";
			projectRoot = "";
			targets = (
				AE06B71E1D5E6F7B0028C201 /* SceneKitParticleCollectionExample */,
			);
		};
/* End PBXProject section */

/* Begin PBXResourcesBuildPhase section */
		AE06B71D1D5E6F7B0028C201 /* Resources */ = {
			isa = PBXResourcesBuildPhase;
			buildActionMask = 2147483647;
			files = (
				AE06B7321D5E6F7B0028C201 /* LaunchScreen.storyboard in Resources */,
				AE06B72F1D5E6F7B0028C201 /* Assets.xcassets in Resources */,
				AE06B72D1D5E6F7B0028C201 /* Main.storyboard in Resources */,
			);
			runOnlyForDeploymentPostprocessing = 0;
		};
/* End PBXResourcesBuildPhase section */

/* Begin PBXSourcesBuildPhase section */
		AE06B71B1D5E6F7B0028C201 /* Sources */ = {
			isa = PBXSourcesBuildPhase;
			buildActionMask = 2147483647;
			files = (
				AE06B72A1D5E6F7B0028C201 /* ViewController.m in Sources */,
				AE06B7271D5E6F7B0028C201 /* AppDelegate.m in Sources */,
				AE06B7241D5E6F7B0028C201 /* main.m in Sources */,
			);
			runOnlyForDeploymentPostprocessing = 0;
		};
/* End PBXSourcesBuildPhase section */

/* Begin PBXVariantGroup section */
		AE06B72B1D5E6F7B0028C201 /* Main.storyboard */ = {
			isa = PBXVariantGroup;
			children = (
				AE06B72C1D5E6F7B0028C201 /* Base */,
			);
			name = Main.storyboard;
			sourceTree = "<group>";
		};
		AE06B7301D5E6F7B0028C201 /* LaunchScreen.storyboard */ = {
			isa = PBXVariantGroup;
			children = (
				AE06B7311D5E6F7B0028C201 /* Base */,
			);
			name = LaunchScreen.storyboard;
			sourceTree = "<group>";
		};
/* End PBXVariantGroup section */

/* Begin XCBuildConfiguration section */
		AE06B7341D5E6F7B0028C201 /* Debug */ = {
			isa = XCBuildConfiguration;
			buildSettings = {
				ALWAYS_SEARCH_USER_PATHS = NO;
				CLANG_ANALYZER_NONNULL = YES;
				CLANG_CXX_LANGUAGE_STANDARD = "gnu++0x";
				CLANG_CXX_LIBRARY = "libc++";
				CLANG_ENABLE_MODULES = YES;
				CLANG_ENABLE_OBJC_ARC = YES;
				CLANG_WARN_BOOL_CONVERSION = YES;
				CLANG_WARN_CONSTANT_CONVERSION = YES;
				CLANG_WARN_DIRECT_OBJC_ISA_USAGE = YES_ERROR;
				CLANG_WARN_EMPTY_BODY = YES;
				CLANG_WARN_ENUM_CONVERSION = YES;
				CLANG_WARN_INT_CONVERSION = YES;
				CLANG_WARN_OBJC_ROOT_CLASS = YES_ERROR;
				CLANG_WARN_UNREACHABLE_CODE = YES;
				CLANG_WARN__DUPLICATE_METHOD_MATCH = YES;
				"CODE_SIGN_IDENTITY[sdk=iphoneos*]" = "iPhone Developer";
				COPY_PHASE_STRIP = NO;
				DEBUG_INFORMATION_FORMAT = dwarf;
				ENABLE_STRICT_OBJC_MSGSEND = YES;
				ENABLE_TESTABILITY = YES;
				GCC_C_LANGUAGE_STANDARD = gnu99;
				GCC_DYNAMIC_NO_PIC = NO;
				GCC_NO_COMMON_BLOCKS = YES;
				GCC_OPTIMIZATION_LEVEL = 0;
				GCC_PREPROCESSOR_DEFINITIONS = (
					"DEBUG=1",
					"$(inherited)",
				);
				GCC_WARN_64_TO_32_BIT_CONVERSION = YES;
				GCC_WARN_ABOUT_RETURN_TYPE = YES_ERROR;
				GCC_WARN_UNDECLARED_SELECTOR = YES;
				GCC_WARN_UNINITIALIZED_AUTOS = YES_AGGRESSIVE;
				GCC_WARN_UNUSED_FUNCTION = YES;
				GCC_WARN_UNUSED_VARIABLE = YES;
				IPHONEOS_DEPLOYMENT_TARGET = 9.3;
				MTL_ENABLE_DEBUG_INFO = YES;
				ONLY_ACTIVE_ARCH = YES;
				SDKROOT = iphoneos;
			};
			name = Debug;
		};
		AE06B7351D5E6F7B0028C201 /* Release */ = {
			isa = XCBuildConfiguration;
			buildSettings = {
				ALWAYS_SEARCH_USER_PATHS = NO;
				CLANG_ANALYZER_NONNULL = YES;
				CLANG_CXX_LANGUAGE_STANDARD = "gnu++0x";
				CLANG_CXX_LIBRARY = "libc++";
				CLANG_ENABLE_MODULES = YES;
				CLANG_ENABLE_OBJC_ARC = YES;
				CLANG_WARN_BOOL_CONVERSION = YES;
				CLANG_WARN_CONSTANT_CONVERSION = YES;
				CLANG_WARN_DIRECT_OBJC_ISA_USAGE = YES_ERROR;
				CLANG_WARN_EMPTY_BODY = YES;
				CLANG_WARN_ENUM_CONVERSION = YES;
				CLANG_WARN_INT_CONVERSION = YES;
				CLANG_WARN_OBJC_ROOT_CLASS = YES_ERROR;
				CLANG_WARN_UNREACHABLE_CODE = YES;
				CLANG_WARN__DUPLICATE_METHOD_MATCH = YES;
				"CODE_SIGN_IDENTITY[sdk=iphoneos*]" = "iPhone Developer";
				COPY_PHASE_STRIP = NO;
				DEBUG_INFORMATION_FORMAT = "dwarf-with-dsym";
				ENABLE_NS_ASSERTIONS = NO;
				ENABLE_STRICT_OBJC_MSGSEND = YES;
				GCC_C_LANGUAGE_STANDARD = gnu99;
				GCC_NO_COMMON_BLOCKS = YES;
				GCC_WARN_64_TO_32_BIT_CONVERSION = YES;
				GCC_WARN_ABOUT_RETURN_TYPE = YES_ERROR;
				GCC_WARN_UNDECLARED_SELECTOR = YES;
				GCC_WARN_UNINITIALIZED_AUTOS = YES_AGGRESSIVE;
				GCC_WARN_UNUSED_FUNCTION = YES;
				GCC_WARN_UNUSED_VARIABLE = YES;
				IPHONEOS_DEPLOYMENT_TARGET = 9.3;
				MTL_ENABLE_DEBUG_INFO = NO;
				SDKROOT = iphoneos;
				VALIDATE_PRODUCT = YES;
			};
			name = Release;
		};
		AE06B7371D5E6F7B0028C201 /* Debug */ = {
			isa = XCBuildConfiguration;
			buildSettings = {
				ASSETCATALOG_COMPILER_APPICON_NAME = AppIcon;
				INFOPLIST_FILE = SceneKitParticleCollectionExample/Info.plist;
				LD_RUNPATH_SEARCH_PATHS = "$(inherited) @executable_path/Frameworks";
				PRODUCT_BUNDLE_IDENTIFIER = com.Fyuse.SceneKitParticleCollectionExample;
				PRODUCT_NAME = "$(TARGET_NAME)";
			};
			name = Debug;
		};
		AE06B7381D5E6F7B0028C201 /* Release */ = {
			isa = XCBuildConfiguration;
			buildSettings = {
				ASSETCATALOG_COMPILER_APPICON_NAME = AppIcon;
				INFOPLIST_FILE = SceneKitParticleCollectionExample/Info.plist;
				LD_RUNPATH_SEARCH_PATHS = "$(inherited) @executable_path/Frameworks";
				PRODUCT_BUNDLE_IDENTIFIER = com.Fyuse.SceneKitParticleCollectionExample;
				PRODUCT_NAME = "$(TARGET_NAME)";
			};
			name = Release;
		};
/* End XCBuildConfiguration section */

/* Begin XCConfigurationList section */
		AE06B71A1D5E6F7B0028C201 /* Build configuration list for PBXProject "SceneKitParticleCollectionExample" */ = {
			isa = XCConfigurationList;
			buildConfigurations = (
				AE06B7341D5E6F7B0028C201 /* Debug */,
				AE06B7351D5E6F7B0028C201 /* Release */,
			);
			defaultConfigurationIsVisible = 0;
			defaultConfigurationName = Release;
		};
		AE06B7361D5E6F7B0028C201 /* Build configuration list for PBXNativeTarget "SceneKitParticleCollectionExample" */ = {
			isa = XCConfigurationList;
			buildConfigurations = (
				AE06B7371D5E6F7B0028C201 /* Debug */,
				AE06B7381D5E6F7B0028C201 /* Release */,
			);
			defaultConfigurationIsVisible = 0;
		};
/* End XCConfigurationList section */
	};
	rootObject = AE06B7171D5E6F7B0028C201 /* Project object */;
}
